
Microsoft Visual Studio Solution File, Format Version 12.00
# Visual Studio Version 17
VisualStudioVersion = 17.13.35919.96
MinimumVisualStudioVersion = 10.0.40219.1
Project("{FAE04EC0-301F-11D3-BF4B-00C04F79EFBC}") = "FigurasGeometricasMYLC", "AreaCirculo\FigurasGeometricasMYLC.csproj", "{FE06CBC0-AC74-4D0C-8764-55CFC0BEF0A7}"
EndProject
Global
	GlobalSection(SolutionConfigurationPlatforms) = preSolution
		Debug|Any CPU = Debug|Any CPU
		Release|Any CPU = Release|Any CPU
	EndGlobalSection
	GlobalSection(ProjectConfigurationPlatforms) = postSolution
		{FE06CBC0-AC74-4D0C-8764-55CFC0BEF0A7}.Debug|Any CPU.ActiveCfg = Debug|Any CPU
		{FE06CBC0-AC74-4D0C-8764-55CFC0BEF0A7}.Debug|Any CPU.Build.0 = Debug|Any CPU
		{FE06CBC0-AC74-4D0C-8764-55CFC0BEF0A7}.Release|Any CPU.ActiveCfg = Release|Any CPU
		{FE06CBC0-AC74-4D0C-8764-55CFC0BEF0A7}.Release|Any CPU.Build.0 = Release|Any CPU
	EndGlobalSection
	GlobalSection(SolutionProperties) = preSolution
		HideSolutionNode = FALSE
	EndGlobalSection
	GlobalSection(ExtensibilityGlobals) = postSolution
		SolutionGuid = {1B46EA72-36CF-4ABD-BE99-033382B8687A}
	EndGlobalSection
EndGlobal
